{
  "name": "vidio",
  "lockfileVersion": 2,
  "requires": true,
  "packages": {
    "": {
      "dependencies": {
        "@faker-js/faker": "^8.0.2",
        "chalk": "^4.1.2",
        "cluster": "^0.7.7",
        "delay": "^5.0.0",
        "figlet": "^1.6.0",
        "fs": "^0.0.1-security",
        "minimist": "^1.2.8",
        "node-fetch": "^2.6.0",
        "random-name": "^0.1.2",
        "readline-sync": "^1.4.10"
      }
    },
    "node_modules/@faker-js/faker": {
      "version": "8.0.2",
      "resolved": "https://registry.npmjs.org/@faker-js/faker/-/faker-8.0.2.tgz",
      "integrity": "sha512-Uo3pGspElQW91PCvKSIAXoEgAUlRnH29sX2/p89kg7sP1m2PzCufHINd0FhTXQf6DYGiUlVncdSPa2F9wxed2A==",
      "funding": [
        {
          "type": "opencollective",
          "url": "https://opencollective.com/fakerjs"
        }
      ],
      "engines": {
        "node": "^14.17.0 || ^16.13.0 || >=18.0.0",
        "npm": ">=6.14.13"
      }
    },
    "node_modules/ansi-styles": {
      "version": "4.3.0",
      "license": "MIT",
      "dependencies": {
        "color-convert": "^2.0.1"
      },
      "engines": {
        "node": ">=8"
      },
      "funding": {
        "url": "https://github.com/chalk/ansi-styles?sponsor=1"
      }
    },
    "node_modules/chalk": {
      "version": "4.1.2",
      "license": "MIT",
      "dependencies": {
        "ansi-styles": "^4.1.0",
        "supports-color": "^7.1.0"
      },
      "engines": {
        "node": ">=10"
      },
      "funding": {
        "url": "https://github.com/chalk/chalk?sponsor=1"
      }
    },
    "node_modules/cluster": {
      "version": "0.7.7",
      "resolved": "https://registry.npmjs.org/cluster/-/cluster-0.7.7.tgz",
      "integrity": "sha512-16LzEZSoBUgRHSN7NA46ntGnI9tf0NnxTm3KCDvHd6aj4EsBqUbYDN3ImCfjYegBXJZiutULF5rWkcRusMIozQ==",
      "dependencies": {
        "log": ">= 1.2.0",
        "mkdirp": ">= 0.0.1"
      },
      "engines": {
        "node": "*"
      }
    },
    "node_modules/color-convert": {
      "version": "2.0.1",
      "license": "MIT",
      "dependencies": {
        "color-name": "~1.1.4"
      },
      "engines": {
        "node": ">=7.0.0"
      }
    },
    "node_modules/color-name": {
      "version": "1.1.4",
      "license": "MIT"
    },
    "node_modules/d": {
      "version": "1.0.1",
      "resolved": "https://registry.npmjs.org/d/-/d-1.0.1.tgz",
      "integrity": "sha512-m62ShEObQ39CfralilEQRjH6oAMtNCV1xJyEx5LpRYUVN+EviphDgUc/F3hnYbADmkiNs67Y+3ylmlG7Lnu+FA==",
      "dependencies": {
        "es5-ext": "^0.10.50",
        "type": "^1.0.1"
      }
    },
    "node_modules/d/node_modules/type": {
      "version": "1.2.0",
      "resolved": "https://registry.npmjs.org/type/-/type-1.2.0.tgz",
      "integrity": "sha512-+5nt5AAniqsCnu2cEQQdpzCAh33kVx8n0VoFidKpB1dVVLAN/F+bgVOqOJqOnEnrhp222clB5p3vUlD+1QAnfg=="
    },
    "node_modules/delay": {
      "version": "5.0.0",
      "resolved": "https://registry.npmjs.org/delay/-/delay-5.0.0.tgz",
      "integrity": "sha512-ReEBKkIfe4ya47wlPYf/gu5ib6yUG0/Aez0JQZQz94kiWtRQvZIQbTiehsnwHvLSWJnQdhVeqYue7Id1dKr0qw==",
      "license": "MIT",
      "engines": {
        "node": ">=10"
      },
      "funding": {
        "url": "https://github.com/sponsors/sindresorhus"
      }
    },
    "node_modules/duration": {
      "version": "0.2.2",
      "resolved": "https://registry.npmjs.org/duration/-/duration-0.2.2.tgz",
      "integrity": "sha512-06kgtea+bGreF5eKYgI/36A6pLXggY7oR4p1pq4SmdFBn1ReOL5D8RhG64VrqfTTKNucqqtBAwEj8aB88mcqrg==",
      "dependencies": {
        "d": "1",
        "es5-ext": "~0.10.46"
      }
    },
    "node_modules/es5-ext": {
      "version": "0.10.62",
      "resolved": "https://registry.npmjs.org/es5-ext/-/es5-ext-0.10.62.tgz",
      "integrity": "sha512-BHLqn0klhEpnOKSrzn/Xsz2UIW8j+cGmo9JLzr8BiUapV8hPL9+FliFqjwr9ngW7jWdnxv6eO+/LqyhJVqgrjA==",
      "hasInstallScript": true,
      "dependencies": {
        "es6-iterator": "^2.0.3",
        "es6-symbol": "^3.1.3",
        "next-tick": "^1.1.0"
      },
      "engines": {
        "node": ">=0.10"
      }
    },
    "node_modules/es6-iterator": {
      "version": "2.0.3",
      "resolved": "https://registry.npmjs.org/es6-iterator/-/es6-iterator-2.0.3.tgz",
      "integrity": "sha512-zw4SRzoUkd+cl+ZoE15A9o1oQd920Bb0iOJMQkQhl3jNc03YqVjAhG7scf9C5KWRU/R13Orf588uCC6525o02g==",
      "dependencies": {
        "d": "1",
        "es5-ext": "^0.10.35",
        "es6-symbol": "^3.1.1"
      }
    },
    "node_modules/es6-symbol": {
      "version": "3.1.3",
      "resolved": "https://registry.npmjs.org/es6-symbol/-/es6-symbol-3.1.3.tgz",
      "integrity": "sha512-NJ6Yn3FuDinBaBRWl/q5X/s4koRHBrgKAu+yGI6JCBeiu3qrcbJhwT2GeR/EXVfylRk8dpQVJoLEFhK+Mu31NA==",
      "dependencies": {
        "d": "^1.0.1",
        "ext": "^1.1.2"
      }
    },
    "node_modules/event-emitter": {
      "version": "0.3.5",
      "resolved": "https://registry.npmjs.org/event-emitter/-/event-emitter-0.3.5.tgz",
      "integrity": "sha512-D9rRn9y7kLPnJ+hMq7S/nhvoKwwvVJahBi2BPmx3bvbsEdK3W9ii8cBSGjP+72/LnM4n6fo3+dkCX5FeTQruXA==",
      "dependencies": {
        "d": "1",
        "es5-ext": "~0.10.14"
      }
    },
    "node_modules/ext": {
      "version": "1.7.0",
      "resolved": "https://registry.npmjs.org/ext/-/ext-1.7.0.tgz",
      "integrity": "sha512-6hxeJYaL110a9b5TEJSj0gojyHQAmA2ch5Os+ySCiA1QGdS697XWY1pzsrSjqA9LDEEgdB/KypIlR59RcLuHYw==",
      "dependencies": {
        "type": "^2.7.2"
      }
    },
    "node_modules/figlet": {
      "version": "1.6.0",
      "resolved": "https://registry.npmjs.org/figlet/-/figlet-1.6.0.tgz",
      "integrity": "sha512-31EQGhCEITv6+hi2ORRPyn3bulaV9Fl4xOdR169cBzH/n1UqcxsiSB/noo6SJdD7Kfb1Ljit+IgR1USvF/XbdA==",
      "bin": {
        "figlet": "bin/index.js"
      },
      "engines": {
        "node": ">= 0.4.0"
      }
    },
    "node_modules/fs": {
      "version": "0.0.1-security",
      "resolved": "https://registry.npmjs.org/fs/-/fs-0.0.1-security.tgz",
      "integrity": "sha512-3XY9e1pP0CVEUCdj5BmfIZxRBTSDycnbqhIOGec9QYtmVH2fbLpj86CFWkrNOkt/Fvty4KZG5lTglL9j/gJ87w=="
    },
    "node_modules/has-flag": {
      "version": "4.0.0",
      "license": "MIT",
      "engines": {
        "node": ">=8"
      }
    },
    "node_modules/log": {
      "version": "6.3.1",
      "resolved": "https://registry.npmjs.org/log/-/log-6.3.1.tgz",
      "integrity": "sha512-McG47rJEWOkXTDioZzQNydAVvZNeEkSyLJ1VWkFwfW+o1knW+QSi8D1KjPn/TnctV+q99lkvJNe1f0E1IjfY2A==",
      "dependencies": {
        "d": "^1.0.1",
        "duration": "^0.2.2",
        "es5-ext": "^0.10.53",
        "event-emitter": "^0.3.5",
        "sprintf-kit": "^2.0.1",
        "type": "^2.5.0",
        "uni-global": "^1.0.0"
      }
    },
    "node_modules/minimist": {
      "version": "1.2.8",
      "resolved": "https://registry.npmjs.org/minimist/-/minimist-1.2.8.tgz",
      "integrity": "sha512-2yyAR8qBkN3YuheJanUpWC5U3bb5osDywNB8RzDVlDwDHbocAJveqqj1u8+SVD7jkWT4yvsHCpWqqWqAxb0zCA==",
      "funding": {
        "url": "https://github.com/sponsors/ljharb"
      }
    },
    "node_modules/mkdirp": {
      "version": "3.0.1",
      "resolved": "https://registry.npmjs.org/mkdirp/-/mkdirp-3.0.1.tgz",
      "integrity": "sha512-+NsyUUAZDmo6YVHzL/stxSu3t9YS1iljliy3BSDrXJ/dkn1KYdmtZODGGjLcc9XLgVVpH4KshHB8XmZgMhaBXg==",
      "bin": {
        "mkdirp": "dist/cjs/src/bin.js"
      },
      "engines": {
        "node": ">=10"
      },
      "funding": {
        "url": "https://github.com/sponsors/isaacs"
      }
    },
    "node_modules/next-tick": {
      "version": "1.1.0",
      "resolved": "https://registry.npmjs.org/next-tick/-/next-tick-1.1.0.tgz",
      "integrity": "sha512-CXdUiJembsNjuToQvxayPZF9Vqht7hewsvy2sOWafLvi2awflj9mOC6bHIg50orX8IJvWKY9wYQ/zB2kogPslQ=="
    },
    "node_modules/node-fetch": {
      "version": "2.6.0",
      "resolved": "https://registry.npmjs.org/node-fetch/-/node-fetch-2.6.0.tgz",
      "integrity": "sha512-8dG4H5ujfvFiqDmVu9fQ5bOHUC15JMjMY/Zumv26oOvvVJjM67KF8koCWIabKQ1GJIa9r2mMZscBq/TbdOcmNA==",
      "license": "MIT",
      "engines": {
        "node": "4.x || >=6.0.0"
      }
    },
    "node_modules/random-name": {
      "version": "0.1.2",
      "resolved": "https://registry.npmjs.org/random-name/-/random-name-0.1.2.tgz",
      "integrity": "sha512-3UHvhW50ZMbm6R11J3G1WeKvvys3GWE0uw5IxPzJjIxG+c0QoIbMlWfRKBlji9boEXPBx4CiSL3XWIkO9T/OVA=="
    },
    "node_modules/readline-sync": {
      "version": "1.4.10",
      "resolved": "https://registry.npmjs.org/readline-sync/-/readline-sync-1.4.10.tgz",
      "integrity": "sha512-gNva8/6UAe8QYepIQH/jQ2qn91Qj0B9sYjMBBs3QOB8F2CXcKgLxQaJRP76sWVRQt+QU+8fAkCbCvjjMFu7Ycw==",
      "engines": {
        "node": ">= 0.8.0"
      }
    },
    "node_modules/sprintf-kit": {
      "version": "2.0.1",
      "resolved": "https://registry.npmjs.org/sprintf-kit/-/sprintf-kit-2.0.1.tgz",
      "integrity": "sha512-2PNlcs3j5JflQKcg4wpdqpZ+AjhQJ2OZEo34NXDtlB0tIPG84xaaXhpA8XFacFiwjKA4m49UOYG83y3hbMn/gQ==",
      "dependencies": {
        "es5-ext": "^0.10.53"
      }
    },
    "node_modules/supports-color": {
      "version": "7.2.0",
      "license": "MIT",
      "dependencies": {
        "has-flag": "^4.0.0"
      },
      "engines": {
        "node": ">=8"
      }
    },
    "node_modules/type": {
      "version": "2.7.2",
      "resolved": "https://registry.npmjs.org/type/-/type-2.7.2.tgz",
      "integrity": "sha512-dzlvlNlt6AXU7EBSfpAscydQ7gXB+pPGsPnfJnZpiNJBDj7IaJzQlBZYGdEi4R9HmPdBv2XmWJ6YUtoTa7lmCw=="
    },
    "node_modules/uni-global": {
      "version": "1.0.0",
      "resolved": "https://registry.npmjs.org/uni-global/-/uni-global-1.0.0.tgz",
      "integrity": "sha512-WWM3HP+siTxzIWPNUg7hZ4XO8clKi6NoCAJJWnuRL+BAqyFXF8gC03WNyTefGoUXYc47uYgXxpKLIEvo65PEHw==",
      "dependencies": {
        "type": "^2.5.0"
      }
    }
  },
  "dependencies": {
    "@faker-js/faker": {
      "version": "8.0.2",
      "resolved": "https://registry.npmjs.org/@faker-js/faker/-/faker-8.0.2.tgz",
      "integrity": "sha512-Uo3pGspElQW91PCvKSIAXoEgAUlRnH29sX2/p89kg7sP1m2PzCufHINd0FhTXQf6DYGiUlVncdSPa2F9wxed2A=="
    },
    "ansi-styles": {
      "version": "4.3.0",
      "requires": {
        "color-convert": "^2.0.1"
      }
    },
    "chalk": {
      "version": "4.1.2",
      "requires": {
        "ansi-styles": "^4.1.0",
        "supports-color": "^7.1.0"
      }
    },
    "cluster": {
      "version": "0.7.7",
      "resolved": "https://registry.npmjs.org/cluster/-/cluster-0.7.7.tgz",
      "integrity": "sha512-16LzEZSoBUgRHSN7NA46ntGnI9tf0NnxTm3KCDvHd6aj4EsBqUbYDN3ImCfjYegBXJZiutULF5rWkcRusMIozQ==",
      "requires": {
        "log": ">= 1.2.0",
        "mkdirp": ">= 0.0.1"
      }
    },
    "color-convert": {
      "version": "2.0.1",
      "requires": {
        "color-name": "~1.1.4"
      }
    },
    "color-name": {
      "version": "1.1.4"
    },
    "d": {
      "version": "1.0.1",
      "resolved": "https://registry.npmjs.org/d/-/d-1.0.1.tgz",
      "integrity": "sha512-m62ShEObQ39CfralilEQRjH6oAMtNCV1xJyEx5LpRYUVN+EviphDgUc/F3hnYbADmkiNs67Y+3ylmlG7Lnu+FA==",
      "requires": {
        "es5-ext": "^0.10.50",
        "type": "^1.0.1"
      },
      "dependencies": {
        "type": {
          "version": "1.2.0",
          "resolved": "https://registry.npmjs.org/type/-/type-1.2.0.tgz",
          "integrity": "sha512-+5nt5AAniqsCnu2cEQQdpzCAh33kVx8n0VoFidKpB1dVVLAN/F+bgVOqOJqOnEnrhp222clB5p3vUlD+1QAnfg=="
        }
      }
    },
    "delay": {
      "version": "5.0.0",
      "resolved": "https://registry.npmjs.org/delay/-/delay-5.0.0.tgz",
      "integrity": "sha512-ReEBKkIfe4ya47wlPYf/gu5ib6yUG0/Aez0JQZQz94kiWtRQvZIQbTiehsnwHvLSWJnQdhVeqYue7Id1dKr0qw=="
    },
    "duration": {
      "version": "0.2.2",
      "resolved": "https://registry.npmjs.org/duration/-/duration-0.2.2.tgz",
      "integrity": "sha512-06kgtea+bGreF5eKYgI/36A6pLXggY7oR4p1pq4SmdFBn1ReOL5D8RhG64VrqfTTKNucqqtBAwEj8aB88mcqrg==",
      "requires": {
        "d": "1",
        "es5-ext": "~0.10.46"
      }
    },
    "es5-ext": {
      "version": "0.10.62",
      "resolved": "https://registry.npmjs.org/es5-ext/-/es5-ext-0.10.62.tgz",
      "integrity": "sha512-BHLqn0klhEpnOKSrzn/Xsz2UIW8j+cGmo9JLzr8BiUapV8hPL9+FliFqjwr9ngW7jWdnxv6eO+/LqyhJVqgrjA==",
      "requires": {
        "es6-iterator": "^2.0.3",
        "es6-symbol": "^3.1.3",
        "next-tick": "^1.1.0"
      }
    },
    "es6-iterator": {
      "version": "2.0.3",
      "resolved": "https://registry.npmjs.org/es6-iterator/-/es6-iterator-2.0.3.tgz",
      "integrity": "sha512-zw4SRzoUkd+cl+ZoE15A9o1oQd920Bb0iOJMQkQhl3jNc03YqVjAhG7scf9C5KWRU/R13Orf588uCC6525o02g==",
      "requires": {
        "d": "1",
        "es5-ext": "^0.10.35",
        "es6-symbol": "^3.1.1"
      }
    },
    "es6-symbol": {
      "version": "3.1.3",
      "resolved": "https://registry.npmjs.org/es6-symbol/-/es6-symbol-3.1.3.tgz",
      "integrity": "sha512-NJ6Yn3FuDinBaBRWl/q5X/s4koRHBrgKAu+yGI6JCBeiu3qrcbJhwT2GeR/EXVfylRk8dpQVJoLEFhK+Mu31NA==",
      "requires": {
        "d": "^1.0.1",
        "ext": "^1.1.2"
      }
    },
    "event-emitter": {
      "version": "0.3.5",
      "resolved": "https://registry.npmjs.org/event-emitter/-/event-emitter-0.3.5.tgz",
      "integrity": "sha512-D9rRn9y7kLPnJ+hMq7S/nhvoKwwvVJahBi2BPmx3bvbsEdK3W9ii8cBSGjP+72/LnM4n6fo3+dkCX5FeTQruXA==",
      "requires": {
        "d": "1",
        "es5-ext": "~0.10.14"
      }
    },
    "ext": {
      "version": "1.7.0",
      "resolved": "https://registry.npmjs.org/ext/-/ext-1.7.0.tgz",
      "integrity": "sha512-6hxeJYaL110a9b5TEJSj0gojyHQAmA2ch5Os+ySCiA1QGdS697XWY1pzsrSjqA9LDEEgdB/KypIlR59RcLuHYw==",
      "requires": {
        "type": "^2.7.2"
      }
    },
    "figlet": {
      "version": "1.6.0",
      "resolved": "https://registry.npmjs.org/figlet/-/figlet-1.6.0.tgz",
      "integrity": "sha512-31EQGhCEITv6+hi2ORRPyn3bulaV9Fl4xOdR169cBzH/n1UqcxsiSB/noo6SJdD7Kfb1Ljit+IgR1USvF/XbdA=="
    },
    "fs": {
      "version": "0.0.1-security",
      "resolved": "https://registry.npmjs.org/fs/-/fs-0.0.1-security.tgz",
      "integrity": "sha512-3XY9e1pP0CVEUCdj5BmfIZxRBTSDycnbqhIOGec9QYtmVH2fbLpj86CFWkrNOkt/Fvty4KZG5lTglL9j/gJ87w=="
    },
    "has-flag": {
      "version": "4.0.0"
    },
    "log": {
      "version": "6.3.1",
      "resolved": "https://registry.npmjs.org/log/-/log-6.3.1.tgz",
      "integrity": "sha512-McG47rJEWOkXTDioZzQNydAVvZNeEkSyLJ1VWkFwfW+o1knW+QSi8D1KjPn/TnctV+q99lkvJNe1f0E1IjfY2A==",
      "requires": {
        "d": "^1.0.1",
        "duration": "^0.2.2",
        "es5-ext": "^0.10.53",
        "event-emitter": "^0.3.5",
        "sprintf-kit": "^2.0.1",
        "type": "^2.5.0",
        "uni-global": "^1.0.0"
      }
    },
    "minimist": {
      "version": "1.2.8",
      "resolved": "https://registry.npmjs.org/minimist/-/minimist-1.2.8.tgz",
      "integrity": "sha512-2yyAR8qBkN3YuheJanUpWC5U3bb5osDywNB8RzDVlDwDHbocAJveqqj1u8+SVD7jkWT4yvsHCpWqqWqAxb0zCA=="
    },
    "mkdirp": {
      "version": "3.0.1",
      "resolved": "https://registry.npmjs.org/mkdirp/-/mkdirp-3.0.1.tgz",
      "integrity": "sha512-+NsyUUAZDmo6YVHzL/stxSu3t9YS1iljliy3BSDrXJ/dkn1KYdmtZODGGjLcc9XLgVVpH4KshHB8XmZgMhaBXg=="
    },
    "next-tick": {
      "version": "1.1.0",
      "resolved": "https://registry.npmjs.org/next-tick/-/next-tick-1.1.0.tgz",
      "integrity": "sha512-CXdUiJembsNjuToQvxayPZF9Vqht7hewsvy2sOWafLvi2awflj9mOC6bHIg50orX8IJvWKY9wYQ/zB2kogPslQ=="
    },
    "node-fetch": {
      "version": "2.6.0",
      "resolved": "https://registry.npmjs.org/node-fetch/-/node-fetch-2.6.0.tgz",
      "integrity": "sha512-8dG4H5ujfvFiqDmVu9fQ5bOHUC15JMjMY/Zumv26oOvvVJjM67KF8koCWIabKQ1GJIa9r2mMZscBq/TbdOcmNA=="
    },
    "random-name": {
      "version": "0.1.2",
      "resolved": "https://registry.npmjs.org/random-name/-/random-name-0.1.2.tgz",
      "integrity": "sha512-3UHvhW50ZMbm6R11J3G1WeKvvys3GWE0uw5IxPzJjIxG+c0QoIbMlWfRKBlji9boEXPBx4CiSL3XWIkO9T/OVA=="
    },
    "readline-sync": {
      "version": "1.4.10",
      "resolved": "https://registry.npmjs.org/readline-sync/-/readline-sync-1.4.10.tgz",
      "integrity": "sha512-gNva8/6UAe8QYepIQH/jQ2qn91Qj0B9sYjMBBs3QOB8F2CXcKgLxQaJRP76sWVRQt+QU+8fAkCbCvjjMFu7Ycw=="
    },
    "sprintf-kit": {
      "version": "2.0.1",
      "resolved": "https://registry.npmjs.org/sprintf-kit/-/sprintf-kit-2.0.1.tgz",
      "integrity": "sha512-2PNlcs3j5JflQKcg4wpdqpZ+AjhQJ2OZEo34NXDtlB0tIPG84xaaXhpA8XFacFiwjKA4m49UOYG83y3hbMn/gQ==",
      "requires": {
        "es5-ext": "^0.10.53"
      }
    },
    "supports-color": {
      "version": "7.2.0",
      "requires": {
        "has-flag": "^4.0.0"
      }
    },
    "type": {
      "version": "2.7.2",
      "resolved": "https://registry.npmjs.org/type/-/type-2.7.2.tgz",
      "integrity": "sha512-dzlvlNlt6AXU7EBSfpAscydQ7gXB+pPGsPnfJnZpiNJBDj7IaJzQlBZYGdEi4R9HmPdBv2XmWJ6YUtoTa7lmCw=="
    },
    "uni-global": {
      "version": "1.0.0",
      "resolved": "https://registry.npmjs.org/uni-global/-/uni-global-1.0.0.tgz",
      "integrity": "sha512-WWM3HP+siTxzIWPNUg7hZ4XO8clKi6NoCAJJWnuRL+BAqyFXF8gC03WNyTefGoUXYc47uYgXxpKLIEvo65PEHw==",
      "requires": {
        "type": "^2.5.0"
      }
    }
  }
}
